// !$*UTF8*$!
{
	archiveVersion = 1;
	classes = {
	};
	objectVersion = 50;
	objects = {

/* Begin PBXBuildFile section */
		AC12C424261A5E1C005A6491 /* A1App.swift in Sources */ = {isa = PBXBuildFile; fileRef = AC12C423261A5E1C005A6491 /* A1App.swift */; };
		AC12C426261A5E1C005A6491 /* LoginScreen.swift in Sources */ = {isa = PBXBuildFile; fileRef = AC12C425261A5E1C005A6491 /* LoginScreen.swift */; };
		AC12C428261A5E1F005A6491 /* Assets.xcassets in Resources */ = {isa = PBXBuildFile; fileRef = AC12C427261A5E1F005A6491 /* Assets.xcassets */; };
		AC12C42B261A5E1F005A6491 /* Preview Assets.xcassets in Resources */ = {isa = PBXBuildFile; fileRef = AC12C42A261A5E1F005A6491 /* Preview Assets.xcassets */; };
		AC12C43D261A633A005A6491 /* Color.swift in Sources */ = {isa = PBXBuildFile; fileRef = AC12C43C261A633A005A6491 /* Color.swift */; };
		AC12C443261A668F005A6491 /* CircularProgress.swift in Sources */ = {isa = PBXBuildFile; fileRef = AC12C442261A668F005A6491 /* CircularProgress.swift */; };
		AC12C447261A6EE6005A6491 /* ShadowWithBlurModifier.swift in Sources */ = {isa = PBXBuildFile; fileRef = AC12C446261A6EE6005A6491 /* ShadowWithBlurModifier.swift */; };
		AC12C44E261BA261005A6491 /* LoginScreenProgressView.swift in Sources */ = {isa = PBXBuildFile; fileRef = AC12C44D261BA261005A6491 /* LoginScreenProgressView.swift */; };
		ACC57330261BA9E200C2242B /* PrimaryCTAButton.swift in Sources */ = {isa = PBXBuildFile; fileRef = ACC5732F261BA9E200C2242B /* PrimaryCTAButton.swift */; };
/* End PBXBuildFile section */

/* Begin PBXFileReference section */
		AC12C420261A5E1C005A6491 /* A1.app */ = {isa = PBXFileReference; explicitFileType = wrapper.application; includeInIndex = 0; path = A1.app; sourceTree = BUILT_PRODUCTS_DIR; };
		AC12C423261A5E1C005A6491 /* A1App.swift */ = {isa = PBXFileReference; lastKnownFileType = sourcecode.swift; path = A1App.swift; sourceTree = "<group>"; };
		AC12C425261A5E1C005A6491 /* LoginScreen.swift */ = {isa = PBXFileReference; lastKnownFileType = sourcecode.swift; path = LoginScreen.swift; sourceTree = "<group>"; };
		AC12C427261A5E1F005A6491 /* Assets.xcassets */ = {isa = PBXFileReference; lastKnownFileType = folder.assetcatalog; path = Assets.xcassets; sourceTree = "<group>"; };
		AC12C42A261A5E1F005A6491 /* Preview Assets.xcassets */ = {isa = PBXFileReference; lastKnownFileType = folder.assetcatalog; path = "Preview Assets.xcassets"; sourceTree = "<group>"; };
		AC12C42C261A5E1F005A6491 /* Info.plist */ = {isa = PBXFileReference; lastKnownFileType = text.plist.xml; path = Info.plist; sourceTree = "<group>"; };
		AC12C43C261A633A005A6491 /* Color.swift */ = {isa = PBXFileReference; lastKnownFileType = sourcecode.swift; path = Color.swift; sourceTree = "<group>"; };
		AC12C442261A668F005A6491 /* CircularProgress.swift */ = {isa = PBXFileReference; lastKnownFileType = sourcecode.swift; path = CircularProgress.swift; sourceTree = "<group>"; };
		AC12C446261A6EE6005A6491 /* ShadowWithBlurModifier.swift */ = {isa = PBXFileReference; lastKnownFileType = sourcecode.swift; path = ShadowWithBlurModifier.swift; sourceTree = "<group>"; };
		AC12C44D261BA261005A6491 /* LoginScreenProgressView.swift */ = {isa = PBXFileReference; lastKnownFileType = sourcecode.swift; path = LoginScreenProgressView.swift; sourceTree = "<group>"; };
		ACC5732F261BA9E200C2242B /* PrimaryCTAButton.swift */ = {isa = PBXFileReference; lastKnownFileType = sourcecode.swift; path = PrimaryCTAButton.swift; sourceTree = "<group>"; };
/* End PBXFileReference section */

/* Begin PBXFrameworksBuildPhase section */
		AC12C41D261A5E1C005A6491 /* Frameworks */ = {
			isa = PBXFrameworksBuildPhase;
			buildActionMask = 2147483647;
			files = (
			);
			runOnlyForDeploymentPostprocessing = 0;
		};
/* End PBXFrameworksBuildPhase section */

/* Begin PBXGroup section */
		AC12C417261A5E1C005A6491 = {
			isa = PBXGroup;
			children = (
				AC12C422261A5E1C005A6491 /* A1 */,
				AC12C421261A5E1C005A6491 /* Products */,
			);
			sourceTree = "<group>";
		};
		AC12C421261A5E1C005A6491 /* Products */ = {
			isa = PBXGroup;
			children = (
				AC12C420261A5E1C005A6491 /* A1.app */,
			);
			name = Products;
			sourceTree = "<group>";
		};
		AC12C422261A5E1C005A6491 /* A1 */ = {
			isa = PBXGroup;
			children = (
				AC12C440261A666F005A6491 /* Shared */,
				AC12C43A261A6329005A6491 /* Utility */,
				AC12C438261A61F9005A6491 /* App */,
				AC12C436261A61F1005A6491 /* Screens */,
				AC12C433261A61D0005A6491 /* Resources */,
				AC12C429261A5E1F005A6491 /* Preview Content */,
			);
			path = A1;
			sourceTree = "<group>";
		};
		AC12C429261A5E1F005A6491 /* Preview Content */ = {
			isa = PBXGroup;
			children = (
				AC12C42A261A5E1F005A6491 /* Preview Assets.xcassets */,
			);
			path = "Preview Content";
			sourceTree = "<group>";
		};
		AC12C433261A61D0005A6491 /* Resources */ = {
			isa = PBXGroup;
			children = (
				AC12C435261A61E9005A6491 /* Assets */,
				AC12C434261A61E1005A6491 /* Plists */,
			);
			path = Resources;
			sourceTree = "<group>";
		};
		AC12C434261A61E1005A6491 /* Plists */ = {
			isa = PBXGroup;
			children = (
				AC12C42C261A5E1F005A6491 /* Info.plist */,
			);
			path = Plists;
			sourceTree = "<group>";
		};
		AC12C435261A61E9005A6491 /* Assets */ = {
			isa = PBXGroup;
			children = (
				AC12C427261A5E1F005A6491 /* Assets.xcassets */,
			);
			path = Assets;
			sourceTree = "<group>";
		};
		AC12C436261A61F1005A6491 /* Screens */ = {
			isa = PBXGroup;
			children = (
				AC12C44B261BA22D005A6491 /* LoginScreen */,
			);
			path = Screens;
			sourceTree = "<group>";
		};
		AC12C438261A61F9005A6491 /* App */ = {
			isa = PBXGroup;
			children = (
				AC12C423261A5E1C005A6491 /* A1App.swift */,
			);
			path = App;
			sourceTree = "<group>";
		};
		AC12C43A261A6329005A6491 /* Utility */ = {
			isa = PBXGroup;
			children = (
				AC12C43B261A6330005A6491 /* Extensions */,
			);
			path = Utility;
			sourceTree = "<group>";
		};
		AC12C43B261A6330005A6491 /* Extensions */ = {
			isa = PBXGroup;
			children = (
				AC12C43C261A633A005A6491 /* Color.swift */,
			);
			path = Extensions;
			sourceTree = "<group>";
		};
		AC12C440261A666F005A6491 /* Shared */ = {
			isa = PBXGroup;
			children = (
				ACC5732E261BA9D400C2242B /* Controls */,
				AC12C445261A6EBC005A6491 /* Modifiers */,
				AC12C441261A6677005A6491 /* Views */,
			);
			path = Shared;
			sourceTree = "<group>";
		};
		AC12C441261A6677005A6491 /* Views */ = {
			isa = PBXGroup;
			children = (
				AC12C442261A668F005A6491 /* CircularProgress.swift */,
			);
			path = Views;
			sourceTree = "<group>";
		};
		AC12C445261A6EBC005A6491 /* Modifiers */ = {
			isa = PBXGroup;
			children = (
				AC12C446261A6EE6005A6491 /* ShadowWithBlurModifier.swift */,
			);
			path = Modifiers;
			sourceTree = "<group>";
		};
		AC12C44B261BA22D005A6491 /* LoginScreen */ = {
			isa = PBXGroup;
			children = (
				AC12C44C261BA235005A6491 /* Views */,
				AC12C425261A5E1C005A6491 /* LoginScreen.swift */,
			);
			path = LoginScreen;
			sourceTree = "<group>";
		};
		AC12C44C261BA235005A6491 /* Views */ = {
			isa = PBXGroup;
			children = (
				AC12C44D261BA261005A6491 /* LoginScreenProgressView.swift */,
			);
			path = Views;
			sourceTree = "<group>";
		};
		ACC5732E261BA9D400C2242B /* Controls */ = {
			isa = PBXGroup;
			children = (
				ACC5732F261BA9E200C2242B /* PrimaryCTAButton.swift */,
			);
			path = Controls;
			sourceTree = "<group>";
		};
/* End PBXGroup section */

/* Begin PBXNativeTarget section */
		AC12C41F261A5E1C005A6491 /* A1 */ = {
			isa = PBXNativeTarget;
			buildConfigurationList = AC12C42F261A5E1F005A6491 /* Build configuration list for PBXNativeTarget "A1" */;
			buildPhases = (
				AC12C41C261A5E1C005A6491 /* Sources */,
				AC12C41D261A5E1C005A6491 /* Frameworks */,
				AC12C41E261A5E1C005A6491 /* Resources */,
			);
			buildRules = (
			);
			dependencies = (
			);
			name = A1;
			productName = A1;
			productReference = AC12C420261A5E1C005A6491 /* A1.app */;
			productType = "com.apple.product-type.application";
		};
/* End PBXNativeTarget section */

/* Begin PBXProject section */
		AC12C418261A5E1C005A6491 /* Project object */ = {
			isa = PBXProject;
			attributes = {
				LastSwiftUpdateCheck = 1240;
				LastUpgradeCheck = 1240;
				TargetAttributes = {
					AC12C41F261A5E1C005A6491 = {
						CreatedOnToolsVersion = 12.4;
					};
				};
			};
			buildConfigurationList = AC12C41B261A5E1C005A6491 /* Build configuration list for PBXProject "A1" */;
			compatibilityVersion = "Xcode 9.3";
			developmentRegion = en;
			hasScannedForEncodings = 0;
			knownRegions = (
				en,
				Base,
			);
			mainGroup = AC12C417261A5E1C005A6491;
			productRefGroup = AC12C421261A5E1C005A6491 /* Products */;
			projectDirPath = "";
			projectRoot = "";
			targets = (
				AC12C41F261A5E1C005A6491 /* A1 */,
			);
		};
/* End PBXProject section */

/* Begin PBXResourcesBuildPhase section */
		AC12C41E261A5E1C005A6491 /* Resources */ = {
			isa = PBXResourcesBuildPhase;
			buildActionMask = 2147483647;
			files = (
				AC12C42B261A5E1F005A6491 /* Preview Assets.xcassets in Resources */,
				AC12C428261A5E1F005A6491 /* Assets.xcassets in Resources */,
			);
			runOnlyForDeploymentPostprocessing = 0;
		};
/* End PBXResourcesBuildPhase section */

/* Begin PBXSourcesBuildPhase section */
		AC12C41C261A5E1C005A6491 /* Sources */ = {
			isa = PBXSourcesBuildPhase;
			buildActionMask = 2147483647;
			files = (
				AC12C426261A5E1C005A6491 /* LoginScreen.swift in Sources */,
				AC12C424261A5E1C005A6491 /* A1App.swift in Sources */,
				AC12C447261A6EE6005A6491 /* ShadowWithBlurModifier.swift in Sources */,
				AC12C44E261BA261005A6491 /* LoginScreenProgressView.swift in Sources */,
				ACC57330261BA9E200C2242B /* PrimaryCTAButton.swift in Sources */,
				AC12C43D261A633A005A6491 /* Color.swift in Sources */,
				AC12C443261A668F005A6491 /* CircularProgress.swift in Sources */,
			);
			runOnlyForDeploymentPostprocessing = 0;
		};
/* End PBXSourcesBuildPhase section */

/* Begin XCBuildConfiguration section */
		AC12C42D261A5E1F005A6491 /* Debug */ = {
			isa = XCBuildConfiguration;
			buildSettings = {
				ALWAYS_SEARCH_USER_PATHS = NO;
				CLANG_ANALYZER_NONNULL = YES;
				CLANG_ANALYZER_NUMBER_OBJECT_CONVERSION = YES_AGGRESSIVE;
				CLANG_CXX_LANGUAGE_STANDARD = "gnu++14";
				CLANG_CXX_LIBRARY = "libc++";
				CLANG_ENABLE_MODULES = YES;
				CLANG_ENABLE_OBJC_ARC = YES;
				CLANG_ENABLE_OBJC_WEAK = YES;
				CLANG_WARN_BLOCK_CAPTURE_AUTORELEASING = YES;
				CLANG_WARN_BOOL_CONVERSION = YES;
				CLANG_WARN_COMMA = YES;
				CLANG_WARN_CONSTANT_CONVERSION = YES;
				CLANG_WARN_DEPRECATED_OBJC_IMPLEMENTATIONS = YES;
				CLANG_WARN_DIRECT_OBJC_ISA_USAGE = YES_ERROR;
				CLANG_WARN_DOCUMENTATION_COMMENTS = YES;
				CLANG_WARN_EMPTY_BODY = YES;
				CLANG_WARN_ENUM_CONVERSION = YES;
				CLANG_WARN_INFINITE_RECURSION = YES;
				CLANG_WARN_INT_CONVERSION = YES;
				CLANG_WARN_NON_LITERAL_NULL_CONVERSION = YES;
				CLANG_WARN_OBJC_IMPLICIT_RETAIN_SELF = YES;
				CLANG_WARN_OBJC_LITERAL_CONVERSION = YES;
				CLANG_WARN_OBJC_ROOT_CLASS = YES_ERROR;
				CLANG_WARN_QUOTED_INCLUDE_IN_FRAMEWORK_HEADER = YES;
				CLANG_WARN_RANGE_LOOP_ANALYSIS = YES;
				CLANG_WARN_STRICT_PROTOTYPES = YES;
				CLANG_WARN_SUSPICIOUS_MOVE = YES;
				CLANG_WARN_UNGUARDED_AVAILABILITY = YES_AGGRESSIVE;
				CLANG_WARN_UNREACHABLE_CODE = YES;
				CLANG_WARN__DUPLICATE_METHOD_MATCH = YES;
				COPY_PHASE_STRIP = NO;
				DEBUG_INFORMATION_FORMAT = dwarf;
				ENABLE_STRICT_OBJC_MSGSEND = YES;
				ENABLE_TESTABILITY = YES;
				GCC_C_LANGUAGE_STANDARD = gnu11;
				GCC_DYNAMIC_NO_PIC = NO;
				GCC_NO_COMMON_BLOCKS = YES;
				GCC_OPTIMIZATION_LEVEL = 0;
				GCC_PREPROCESSOR_DEFINITIONS = (
					"DEBUG=1",
					"$(inherited)",
				);
				GCC_WARN_64_TO_32_BIT_CONVERSION = YES;
				GCC_WARN_ABOUT_RETURN_TYPE = YES_ERROR;
				GCC_WARN_UNDECLARED_SELECTOR = YES;
				GCC_WARN_UNINITIALIZED_AUTOS = YES_AGGRESSIVE;
				GCC_WARN_UNUSED_FUNCTION = YES;
				GCC_WARN_UNUSED_VARIABLE = YES;
				IPHONEOS_DEPLOYMENT_TARGET = 14.4;
				MTL_ENABLE_DEBUG_INFO = INCLUDE_SOURCE;
				MTL_FAST_MATH = YES;
				ONLY_ACTIVE_ARCH = YES;
				SDKROOT = iphoneos;
				SWIFT_ACTIVE_COMPILATION_CONDITIONS = DEBUG;
				SWIFT_OPTIMIZATION_LEVEL = "-Onone";
			};
			name = Debug;
		};
		AC12C42E261A5E1F005A6491 /* Release */ = {
			isa = XCBuildConfiguration;
			buildSettings = {
				ALWAYS_SEARCH_USER_PATHS = NO;
				CLANG_ANALYZER_NONNULL = YES;
				CLANG_ANALYZER_NUMBER_OBJECT_CONVERSION = YES_AGGRESSIVE;
				CLANG_CXX_LANGUAGE_STANDARD = "gnu++14";
				CLANG_CXX_LIBRARY = "libc++";
				CLANG_ENABLE_MODULES = YES;
				CLANG_ENABLE_OBJC_ARC = YES;
				CLANG_ENABLE_OBJC_WEAK = YES;
				CLANG_WARN_BLOCK_CAPTURE_AUTORELEASING = YES;
				CLANG_WARN_BOOL_CONVERSION = YES;
				CLANG_WARN_COMMA = YES;
				CLANG_WARN_CONSTANT_CONVERSION = YES;
				CLANG_WARN_DEPRECATED_OBJC_IMPLEMENTATIONS = YES;
				CLANG_WARN_DIRECT_OBJC_ISA_USAGE = YES_ERROR;
				CLANG_WARN_DOCUMENTATION_COMMENTS = YES;
				CLANG_WARN_EMPTY_BODY = YES;
				CLANG_WARN_ENUM_CONVERSION = YES;
				CLANG_WARN_INFINITE_RECURSION = YES;
				CLANG_WARN_INT_CONVERSION = YES;
				CLANG_WARN_NON_LITERAL_NULL_CONVERSION = YES;
				CLANG_WARN_OBJC_IMPLICIT_RETAIN_SELF = YES;
				CLANG_WARN_OBJC_LITERAL_CONVERSION = YES;
				CLANG_WARN_OBJC_ROOT_CLASS = YES_ERROR;
				CLANG_WARN_QUOTED_INCLUDE_IN_FRAMEWORK_HEADER = YES;
				CLANG_WARN_RANGE_LOOP_ANALYSIS = YES;
				CLANG_WARN_STRICT_PROTOTYPES = YES;
				CLANG_WARN_SUSPICIOUS_MOVE = YES;
				CLANG_WARN_UNGUARDED_AVAILABILITY = YES_AGGRESSIVE;
				CLANG_WARN_UNREACHABLE_CODE = YES;
				CLANG_WARN__DUPLICATE_METHOD_MATCH = YES;
				COPY_PHASE_STRIP = NO;
				DEBUG_INFORMATION_FORMAT = "dwarf-with-dsym";
				ENABLE_NS_ASSERTIONS = NO;
				ENABLE_STRICT_OBJC_MSGSEND = YES;
				GCC_C_LANGUAGE_STANDARD = gnu11;
				GCC_NO_COMMON_BLOCKS = YES;
				GCC_WARN_64_TO_32_BIT_CONVERSION = YES;
				GCC_WARN_ABOUT_RETURN_TYPE = YES_ERROR;
				GCC_WARN_UNDECLARED_SELECTOR = YES;
				GCC_WARN_UNINITIALIZED_AUTOS = YES_AGGRESSIVE;
				GCC_WARN_UNUSED_FUNCTION = YES;
				GCC_WARN_UNUSED_VARIABLE = YES;
				IPHONEOS_DEPLOYMENT_TARGET = 14.4;
				MTL_ENABLE_DEBUG_INFO = NO;
				MTL_FAST_MATH = YES;
				SDKROOT = iphoneos;
				SWIFT_COMPILATION_MODE = wholemodule;
				SWIFT_OPTIMIZATION_LEVEL = "-O";
				VALIDATE_PRODUCT = YES;
			};
			name = Release;
		};
		AC12C430261A5E1F005A6491 /* Debug */ = {
			isa = XCBuildConfiguration;
			buildSettings = {
				ASSETCATALOG_COMPILER_APPICON_NAME = AppIcon;
				ASSETCATALOG_COMPILER_GLOBAL_ACCENT_COLOR_NAME = AccentColor;
				CODE_SIGN_STYLE = Automatic;
				DEVELOPMENT_ASSET_PATHS = "\"A1/Preview Content\"";
				DEVELOPMENT_TEAM = A6LH7SM6VR;
				ENABLE_PREVIEWS = YES;
				INFOPLIST_FILE = A1/Resources/Plists/Info.plist;
				IPHONEOS_DEPLOYMENT_TARGET = 14.0;
				LD_RUNPATH_SEARCH_PATHS = (
					"$(inherited)",
					"@executable_path/Frameworks",
				);
				PRODUCT_BUNDLE_IDENTIFIER = no.sutha.A1;
				PRODUCT_NAME = "$(TARGET_NAME)";
				SWIFT_VERSION = 5.0;
				TARGETED_DEVICE_FAMILY = "1,2";
			};
			name = Debug;
		};
		AC12C431261A5E1F005A6491 /* Release */ = {
			isa = XCBuildConfiguration;
			buildSettings = {
				ASSETCATALOG_COMPILER_APPICON_NAME = AppIcon;
				ASSETCATALOG_COMPILER_GLOBAL_ACCENT_COLOR_NAME = AccentColor;
				CODE_SIGN_STYLE = Automatic;
				DEVELOPMENT_ASSET_PATHS = "\"A1/Preview Content\"";
				DEVELOPMENT_TEAM = A6LH7SM6VR;
				ENABLE_PREVIEWS = YES;
				INFOPLIST_FILE = A1/Resources/Plists/Info.plist;
				IPHONEOS_DEPLOYMENT_TARGET = 14.0;
				LD_RUNPATH_SEARCH_PATHS = (
					"$(inherited)",
					"@executable_path/Frameworks",
				);
				PRODUCT_BUNDLE_IDENTIFIER = no.sutha.A1;
				PRODUCT_NAME = "$(TARGET_NAME)";
				SWIFT_VERSION = 5.0;
				TARGETED_DEVICE_FAMILY = "1,2";
			};
			name = Release;
		};
/* End XCBuildConfiguration section */

/* Begin XCConfigurationList section */
		AC12C41B261A5E1C005A6491 /* Build configuration list for PBXProject "A1" */ = {
			isa = XCConfigurationList;
			buildConfigurations = (
				AC12C42D261A5E1F005A6491 /* Debug */,
				AC12C42E261A5E1F005A6491 /* Release */,
			);
			defaultConfigurationIsVisible = 0;
			defaultConfigurationName = Release;
		};
		AC12C42F261A5E1F005A6491 /* Build configuration list for PBXNativeTarget "A1" */ = {
			isa = XCConfigurationList;
			buildConfigurations = (
				AC12C430261A5E1F005A6491 /* Debug */,
				AC12C431261A5E1F005A6491 /* Release */,
			);
			defaultConfigurationIsVisible = 0;
			defaultConfigurationName = Release;
		};
/* End XCConfigurationList section */
	};
	rootObject = AC12C418261A5E1C005A6491 /* Project object */;
}
